{
  "name": "lambda",
  "version": "1.0.0",
  "lockfileVersion": 2,
  "requires": true,
  "packages": {
    "": {
      "version": "1.0.0",
      "license": "MIT",
      "dependencies": {
        "lambda-api": "^0.10.7"
      }
    },
    "node_modules/lambda-api": {
      "version": "0.10.7",
      "resolved": "https://registry.npmjs.org/lambda-api/-/lambda-api-0.10.7.tgz",
      "integrity": "sha512-PEentCSz6GUpRxdCc/7Nq6bmjNvjjXJmLV3Y2h366NWU7vOE7sqdVtTTyXaf7TMmyjyIoBM9y/5fiSBdz+3K3g==",
      "engines": {
        "node": ">= 8.10.0"
      }
    }
  },
  "dependencies": {
    "lambda-api": {
      "version": "0.10.7",
      "resolved": "https://registry.npmjs.org/lambda-api/-/lambda-api-0.10.7.tgz",
      "integrity": "sha512-PEentCSz6GUpRxdCc/7Nq6bmjNvjjXJmLV3Y2h366NWU7vOE7sqdVtTTyXaf7TMmyjyIoBM9y/5fiSBdz+3K3g=="
    }
  }
}
